
Microsoft Visual Studio Solution File, Format Version 12.00
# Visual Studio Version 17
VisualStudioVersion = 17.5.33530.505
MinimumVisualStudioVersion = 10.0.40219.1
Project("{9A19103F-16F7-4668-BE54-9A1E7A4F7556}") = "AddFractionsTests", "AddFractionsTests\AddFractionsTests.csproj", "{063DA853-9508-4F8C-88B4-0AAD351F7AD6}"
EndProject
Project("{9A19103F-16F7-4668-BE54-9A1E7A4F7556}") = "AddFractions", "AddFractions\AddFractions.csproj", "{826215F1-11D4-47AE-BE95-6F51F65AC49A}"
EndProject
Project("{2150E333-8FDC-42A3-9474-1A3956D46DE8}") = "Solution Items", "Solution Items", "{1CDA7542-2307-496E-AE0B-F4750C4C55B0}"
	ProjectSection(SolutionItems) = preProject
		readme.md = readme.md
	EndProjectSection
EndProject
Global
	GlobalSection(SolutionConfigurationPlatforms) = preSolution
		Debug|Any CPU = Debug|Any CPU
		Release|Any CPU = Release|Any CPU
	EndGlobalSection
	GlobalSection(ProjectConfigurationPlatforms) = postSolution
		{063DA853-9508-4F8C-88B4-0AAD351F7AD6}.Debug|Any CPU.ActiveCfg = Debug|Any CPU
		{063DA853-9508-4F8C-88B4-0AAD351F7AD6}.Debug|Any CPU.Build.0 = Debug|Any CPU
		{063DA853-9508-4F8C-88B4-0AAD351F7AD6}.Release|Any CPU.ActiveCfg = Release|Any CPU
		{063DA853-9508-4F8C-88B4-0AAD351F7AD6}.Release|Any CPU.Build.0 = Release|Any CPU
		{826215F1-11D4-47AE-BE95-6F51F65AC49A}.Debug|Any CPU.ActiveCfg = Debug|Any CPU
		{826215F1-11D4-47AE-BE95-6F51F65AC49A}.Debug|Any CPU.Build.0 = Debug|Any CPU
		{826215F1-11D4-47AE-BE95-6F51F65AC49A}.Release|Any CPU.ActiveCfg = Release|Any CPU
		{826215F1-11D4-47AE-BE95-6F51F65AC49A}.Release|Any CPU.Build.0 = Release|Any CPU
	EndGlobalSection
	GlobalSection(SolutionProperties) = preSolution
		HideSolutionNode = FALSE
	EndGlobalSection
	GlobalSection(ExtensibilityGlobals) = postSolution
		SolutionGuid = {5F7424ED-22F7-4A91-8BC0-0DD85FBFD14E}
	EndGlobalSection
EndGlobal
